
Microsoft Visual Studio Solution File, Format Version 12.00
# Visual Studio Version 17
VisualStudioVersion = 17.0.31903.59
MinimumVisualStudioVersion = 10.0.40219.1
Project("{2150E333-8FDC-42A3-9474-1A3956D46DE8}") = "building-blocks", "building-blocks", "{31CBEB51-93DC-9CA1-DA8D-67643319BEE1}"
EndProject
Project("{FAE04EC0-301F-11D3-BF4B-00C04F79EFBC}") = "BookStore.BuildingBlocks", "building-blocks\BookStore.BuildingBlocks\BookStore.BuildingBlocks.csproj", "{352E61F9-82DD-4FC5-8487-81D157556360}"
EndProject
Project("{2150E333-8FDC-42A3-9474-1A3956D46DE8}") = "gateway", "gateway", "{E7BDDBC6-9FD1-D1D7-ACD8-2C4F8E3D2461}"
EndProject
Project("{FAE04EC0-301F-11D3-BF4B-00C04F79EFBC}") = "BookStore.ApiGateway", "gateway\BookStore.ApiGateway\BookStore.ApiGateway.csproj", "{6FB91CAE-E041-48CC-95A7-0DA98AEBB3FC}"
EndProject
Project("{2150E333-8FDC-42A3-9474-1A3956D46DE8}") = "services", "services", "{5854FF58-B8C5-05C6-5BF2-ACE42193F22B}"
EndProject
Project("{2150E333-8FDC-42A3-9474-1A3956D46DE8}") = "Cart", "Cart", "{BFF4F4B7-12C1-5B2E-7DAD-E792A8E8C1A7}"
EndProject
Project("{FAE04EC0-301F-11D3-BF4B-00C04F79EFBC}") = "BookStore.CartService.API", "services\Cart\BookStore.CartService.API\BookStore.CartService.API.csproj", "{1150C093-F330-45F3-8558-E2FF9E7A3912}"
EndProject
Project("{FAE04EC0-301F-11D3-BF4B-00C04F79EFBC}") = "BookStore.CartService.Application", "services\Cart\BookStore.CartService.Application\BookStore.CartService.Application.csproj", "{14CF0727-80C7-4E0A-B5EC-72CA618FF8B5}"
EndProject
Project("{FAE04EC0-301F-11D3-BF4B-00C04F79EFBC}") = "BookStore.CartService.Domain", "services\Cart\BookStore.CartService.Domain\BookStore.CartService.Domain.csproj", "{11054AA4-FADF-4467-8ED7-43C8D94BBE4E}"
EndProject
Project("{FAE04EC0-301F-11D3-BF4B-00C04F79EFBC}") = "BookStore.CartService.Infrastructure", "services\Cart\BookStore.CartService.Infrastructure\BookStore.CartService.Infrastructure.csproj", "{8398380F-DA72-486E-8CA9-6293E6986CDA}"
EndProject
Project("{2150E333-8FDC-42A3-9474-1A3956D46DE8}") = "Catalog", "Catalog", "{944ACC7E-4FFC-A2A2-09E1-98A62C66F8DB}"
EndProject
Project("{FAE04EC0-301F-11D3-BF4B-00C04F79EFBC}") = "BookStore.CatalogService.API", "services\Catalog\BookStore.CatalogService.API\BookStore.CatalogService.API.csproj", "{D818BC73-BAFF-496E-A330-BC8F2F90697A}"
EndProject
Project("{FAE04EC0-301F-11D3-BF4B-00C04F79EFBC}") = "BookStore.CatalogService.Application", "services\Catalog\BookStore.CatalogService.Application\BookStore.CatalogService.Application.csproj", "{76AE550C-A10E-4560-9259-7908367111CE}"
EndProject
Project("{FAE04EC0-301F-11D3-BF4B-00C04F79EFBC}") = "BookStore.CatalogService.Domain", "services\Catalog\BookStore.CatalogService.Domain\BookStore.CatalogService.Domain.csproj", "{F01BB832-7170-4159-8782-154F3CDEACE5}"
EndProject
Project("{FAE04EC0-301F-11D3-BF4B-00C04F79EFBC}") = "BookStore.CatalogService.Infrastructure", "services\Catalog\BookStore.CatalogService.Infrastructure\BookStore.CatalogService.Infrastructure.csproj", "{824B8986-D9C2-4A97-BC0E-CBD9567B82A3}"
EndProject
Project("{2150E333-8FDC-42A3-9474-1A3956D46DE8}") = "Identity", "Identity", "{357A7C97-5AE1-023F-1442-0D9F9AF22A31}"
EndProject
Project("{FAE04EC0-301F-11D3-BF4B-00C04F79EFBC}") = "BookStore.IdentityService.API", "services\Identity\BookStore.IdentityService.API\BookStore.IdentityService.API.csproj", "{FD9F8B70-313F-4E71-ACF1-7F0344FCF803}"
EndProject
Project("{FAE04EC0-301F-11D3-BF4B-00C04F79EFBC}") = "BookStore.IdentityService.Application", "services\Identity\BookStore.IdentityService.Application\BookStore.IdentityService.Application.csproj", "{BA82B085-3F3C-4B31-8A2E-71D7C622AF48}"
EndProject
Project("{FAE04EC0-301F-11D3-BF4B-00C04F79EFBC}") = "BookStore.IdentityService.Domain", "services\Identity\BookStore.IdentityService.Domain\BookStore.IdentityService.Domain.csproj", "{C9A08B48-25B3-4DCD-A041-23993512B849}"
EndProject
Project("{FAE04EC0-301F-11D3-BF4B-00C04F79EFBC}") = "BookStore.IdentityService.Infrastructure", "services\Identity\BookStore.IdentityService.Infrastructure\BookStore.IdentityService.Infrastructure.csproj", "{95EF9C95-54AB-417D-AE64-D25AD9A6A3E0}"
EndProject
Project("{2150E333-8FDC-42A3-9474-1A3956D46DE8}") = "Inventory", "Inventory", "{E968773F-A3F0-8B5A-CFB8-BE121AA8E63F}"
EndProject
Project("{FAE04EC0-301F-11D3-BF4B-00C04F79EFBC}") = "BookStore.InventoryService.API", "services\Inventory\BookStore.InventoryService.API\BookStore.InventoryService.API.csproj", "{325E6556-1C33-4D46-BD9C-B96BD0FB1443}"
EndProject
Project("{FAE04EC0-301F-11D3-BF4B-00C04F79EFBC}") = "BookStore.InventoryService.Application", "services\Inventory\BookStore.InventoryService.Application\BookStore.InventoryService.Application.csproj", "{63B380C4-2226-41AA-B833-368070FAA19D}"
EndProject
Project("{FAE04EC0-301F-11D3-BF4B-00C04F79EFBC}") = "BookStore.InventoryService.Domain", "services\Inventory\BookStore.InventoryService.Domain\BookStore.InventoryService.Domain.csproj", "{150CE0CA-7E29-4276-9457-D96FB4F754D3}"
EndProject
Project("{FAE04EC0-301F-11D3-BF4B-00C04F79EFBC}") = "BookStore.InventoryService.Infrastructure", "services\Inventory\BookStore.InventoryService.Infrastructure\BookStore.InventoryService.Infrastructure.csproj", "{817C03C2-1DB3-46E3-99A8-CFB1179B76C4}"
EndProject
Project("{2150E333-8FDC-42A3-9474-1A3956D46DE8}") = "Notification", "Notification", "{06470F13-D646-4954-ED4A-FA216054436A}"
EndProject
Project("{FAE04EC0-301F-11D3-BF4B-00C04F79EFBC}") = "BookStore.NotificationService.API", "services\Notification\BookStore.NotificationService.API\BookStore.NotificationService.API.csproj", "{6FF5B497-F4A5-440F-8662-D9DE29B79410}"
EndProject
Project("{FAE04EC0-301F-11D3-BF4B-00C04F79EFBC}") = "BookStore.NotificationService.Application", "services\Notification\BookStore.NotificationService.Application\BookStore.NotificationService.Application.csproj", "{840B1228-A13B-4DE2-8C8B-BA25AE509C7F}"
EndProject
Project("{FAE04EC0-301F-11D3-BF4B-00C04F79EFBC}") = "BookStore.NotificationService.Domain", "services\Notification\BookStore.NotificationService.Domain\BookStore.NotificationService.Domain.csproj", "{6FBC92BA-D826-442D-A6A2-5921BDE58A7D}"
EndProject
Project("{FAE04EC0-301F-11D3-BF4B-00C04F79EFBC}") = "BookStore.NotificationService.Infrastructure", "services\Notification\BookStore.NotificationService.Infrastructure\BookStore.NotificationService.Infrastructure.csproj", "{09AB5389-C0E3-466C-AE75-9C9A3C537CC6}"
EndProject
Project("{2150E333-8FDC-42A3-9474-1A3956D46DE8}") = "Order", "Order", "{A7F1EA75-F84F-EDAA-1156-120873BE27D5}"
EndProject
Project("{FAE04EC0-301F-11D3-BF4B-00C04F79EFBC}") = "BookStore.OrderService.API", "services\Order\BookStore.OrderService.API\BookStore.OrderService.API.csproj", "{58878AD1-483F-48D7-B9A2-998CA703858A}"
EndProject
Project("{FAE04EC0-301F-11D3-BF4B-00C04F79EFBC}") = "BookStore.OrderService.Application", "services\Order\BookStore.OrderService.Application\BookStore.OrderService.Application.csproj", "{96FC4052-5EE4-4194-B6A3-038A1127DF51}"
EndProject
Project("{FAE04EC0-301F-11D3-BF4B-00C04F79EFBC}") = "BookStore.OrderService.Domain", "services\Order\BookStore.OrderService.Domain\BookStore.OrderService.Domain.csproj", "{8082B8DE-23D6-4B21-8050-9C5C2E80227B}"
EndProject
Project("{FAE04EC0-301F-11D3-BF4B-00C04F79EFBC}") = "BookStore.OrderService.Infrastructure", "services\Order\BookStore.OrderService.Infrastructure\BookStore.OrderService.Infrastructure.csproj", "{2686B950-F61B-410D-94EF-AB1FD02F982C}"
EndProject
Global
	GlobalSection(SolutionConfigurationPlatforms) = preSolution
		Debug|Any CPU = Debug|Any CPU
		Debug|x64 = Debug|x64
		Debug|x86 = Debug|x86
		Release|Any CPU = Release|Any CPU
		Release|x64 = Release|x64
		Release|x86 = Release|x86
	EndGlobalSection
	GlobalSection(ProjectConfigurationPlatforms) = postSolution
		{352E61F9-82DD-4FC5-8487-81D157556360}.Debug|Any CPU.ActiveCfg = Debug|Any CPU
		{352E61F9-82DD-4FC5-8487-81D157556360}.Debug|Any CPU.Build.0 = Debug|Any CPU
		{352E61F9-82DD-4FC5-8487-81D157556360}.Debug|x64.ActiveCfg = Debug|Any CPU
		{352E61F9-82DD-4FC5-8487-81D157556360}.Debug|x64.Build.0 = Debug|Any CPU
		{352E61F9-82DD-4FC5-8487-81D157556360}.Debug|x86.ActiveCfg = Debug|Any CPU
		{352E61F9-82DD-4FC5-8487-81D157556360}.Debug|x86.Build.0 = Debug|Any CPU
		{352E61F9-82DD-4FC5-8487-81D157556360}.Release|Any CPU.ActiveCfg = Release|Any CPU
		{352E61F9-82DD-4FC5-8487-81D157556360}.Release|Any CPU.Build.0 = Release|Any CPU
		{352E61F9-82DD-4FC5-8487-81D157556360}.Release|x64.ActiveCfg = Release|Any CPU
		{352E61F9-82DD-4FC5-8487-81D157556360}.Release|x64.Build.0 = Release|Any CPU
		{352E61F9-82DD-4FC5-8487-81D157556360}.Release|x86.ActiveCfg = Release|Any CPU
		{352E61F9-82DD-4FC5-8487-81D157556360}.Release|x86.Build.0 = Release|Any CPU
		{6FB91CAE-E041-48CC-95A7-0DA98AEBB3FC}.Debug|Any CPU.ActiveCfg = Debug|Any CPU
		{6FB91CAE-E041-48CC-95A7-0DA98AEBB3FC}.Debug|Any CPU.Build.0 = Debug|Any CPU
		{6FB91CAE-E041-48CC-95A7-0DA98AEBB3FC}.Debug|x64.ActiveCfg = Debug|Any CPU
		{6FB91CAE-E041-48CC-95A7-0DA98AEBB3FC}.Debug|x64.Build.0 = Debug|Any CPU
		{6FB91CAE-E041-48CC-95A7-0DA98AEBB3FC}.Debug|x86.ActiveCfg = Debug|Any CPU
		{6FB91CAE-E041-48CC-95A7-0DA98AEBB3FC}.Debug|x86.Build.0 = Debug|Any CPU
		{6FB91CAE-E041-48CC-95A7-0DA98AEBB3FC}.Release|Any CPU.ActiveCfg = Release|Any CPU
		{6FB91CAE-E041-48CC-95A7-0DA98AEBB3FC}.Release|Any CPU.Build.0 = Release|Any CPU
		{6FB91CAE-E041-48CC-95A7-0DA98AEBB3FC}.Release|x64.ActiveCfg = Release|Any CPU
		{6FB91CAE-E041-48CC-95A7-0DA98AEBB3FC}.Release|x64.Build.0 = Release|Any CPU
		{6FB91CAE-E041-48CC-95A7-0DA98AEBB3FC}.Release|x86.ActiveCfg = Release|Any CPU
		{6FB91CAE-E041-48CC-95A7-0DA98AEBB3FC}.Release|x86.Build.0 = Release|Any CPU
		{1150C093-F330-45F3-8558-E2FF9E7A3912}.Debug|Any CPU.ActiveCfg = Debug|Any CPU
		{1150C093-F330-45F3-8558-E2FF9E7A3912}.Debug|Any CPU.Build.0 = Debug|Any CPU
		{1150C093-F330-45F3-8558-E2FF9E7A3912}.Debug|x64.ActiveCfg = Debug|Any CPU
		{1150C093-F330-45F3-8558-E2FF9E7A3912}.Debug|x64.Build.0 = Debug|Any CPU
		{1150C093-F330-45F3-8558-E2FF9E7A3912}.Debug|x86.ActiveCfg = Debug|Any CPU
		{1150C093-F330-45F3-8558-E2FF9E7A3912}.Debug|x86.Build.0 = Debug|Any CPU
		{1150C093-F330-45F3-8558-E2FF9E7A3912}.Release|Any CPU.ActiveCfg = Release|Any CPU
		{1150C093-F330-45F3-8558-E2FF9E7A3912}.Release|Any CPU.Build.0 = Release|Any CPU
		{1150C093-F330-45F3-8558-E2FF9E7A3912}.Release|x64.ActiveCfg = Release|Any CPU
		{1150C093-F330-45F3-8558-E2FF9E7A3912}.Release|x64.Build.0 = Release|Any CPU
		{1150C093-F330-45F3-8558-E2FF9E7A3912}.Release|x86.ActiveCfg = Release|Any CPU
		{1150C093-F330-45F3-8558-E2FF9E7A3912}.Release|x86.Build.0 = Release|Any CPU
		{14CF0727-80C7-4E0A-B5EC-72CA618FF8B5}.Debug|Any CPU.ActiveCfg = Debug|Any CPU
		{14CF0727-80C7-4E0A-B5EC-72CA618FF8B5}.Debug|Any CPU.Build.0 = Debug|Any CPU
		{14CF0727-80C7-4E0A-B5EC-72CA618FF8B5}.Debug|x64.ActiveCfg = Debug|Any CPU
		{14CF0727-80C7-4E0A-B5EC-72CA618FF8B5}.Debug|x64.Build.0 = Debug|Any CPU
		{14CF0727-80C7-4E0A-B5EC-72CA618FF8B5}.Debug|x86.ActiveCfg = Debug|Any CPU
		{14CF0727-80C7-4E0A-B5EC-72CA618FF8B5}.Debug|x86.Build.0 = Debug|Any CPU
		{14CF0727-80C7-4E0A-B5EC-72CA618FF8B5}.Release|Any CPU.ActiveCfg = Release|Any CPU
		{14CF0727-80C7-4E0A-B5EC-72CA618FF8B5}.Release|Any CPU.Build.0 = Release|Any CPU
		{14CF0727-80C7-4E0A-B5EC-72CA618FF8B5}.Release|x64.ActiveCfg = Release|Any CPU
		{14CF0727-80C7-4E0A-B5EC-72CA618FF8B5}.Release|x64.Build.0 = Release|Any CPU
		{14CF0727-80C7-4E0A-B5EC-72CA618FF8B5}.Release|x86.ActiveCfg = Release|Any CPU
		{14CF0727-80C7-4E0A-B5EC-72CA618FF8B5}.Release|x86.Build.0 = Release|Any CPU
		{11054AA4-FADF-4467-8ED7-43C8D94BBE4E}.Debug|Any CPU.ActiveCfg = Debug|Any CPU
		{11054AA4-FADF-4467-8ED7-43C8D94BBE4E}.Debug|Any CPU.Build.0 = Debug|Any CPU
		{11054AA4-FADF-4467-8ED7-43C8D94BBE4E}.Debug|x64.ActiveCfg = Debug|Any CPU
		{11054AA4-FADF-4467-8ED7-43C8D94BBE4E}.Debug|x64.Build.0 = Debug|Any CPU
		{11054AA4-FADF-4467-8ED7-43C8D94BBE4E}.Debug|x86.ActiveCfg = Debug|Any CPU
		{11054AA4-FADF-4467-8ED7-43C8D94BBE4E}.Debug|x86.Build.0 = Debug|Any CPU
		{11054AA4-FADF-4467-8ED7-43C8D94BBE4E}.Release|Any CPU.ActiveCfg = Release|Any CPU
		{11054AA4-FADF-4467-8ED7-43C8D94BBE4E}.Release|Any CPU.Build.0 = Release|Any CPU
		{11054AA4-FADF-4467-8ED7-43C8D94BBE4E}.Release|x64.ActiveCfg = Release|Any CPU
		{11054AA4-FADF-4467-8ED7-43C8D94BBE4E}.Release|x64.Build.0 = Release|Any CPU
		{11054AA4-FADF-4467-8ED7-43C8D94BBE4E}.Release|x86.ActiveCfg = Release|Any CPU
		{11054AA4-FADF-4467-8ED7-43C8D94BBE4E}.Release|x86.Build.0 = Release|Any CPU
		{8398380F-DA72-486E-8CA9-6293E6986CDA}.Debug|Any CPU.ActiveCfg = Debug|Any CPU
		{8398380F-DA72-486E-8CA9-6293E6986CDA}.Debug|Any CPU.Build.0 = Debug|Any CPU
		{8398380F-DA72-486E-8CA9-6293E6986CDA}.Debug|x64.ActiveCfg = Debug|Any CPU
		{8398380F-DA72-486E-8CA9-6293E6986CDA}.Debug|x64.Build.0 = Debug|Any CPU
		{8398380F-DA72-486E-8CA9-6293E6986CDA}.Debug|x86.ActiveCfg = Debug|Any CPU
		{8398380F-DA72-486E-8CA9-6293E6986CDA}.Debug|x86.Build.0 = Debug|Any CPU
		{8398380F-DA72-486E-8CA9-6293E6986CDA}.Release|Any CPU.ActiveCfg = Release|Any CPU
		{8398380F-DA72-486E-8CA9-6293E6986CDA}.Release|Any CPU.Build.0 = Release|Any CPU
		{8398380F-DA72-486E-8CA9-6293E6986CDA}.Release|x64.ActiveCfg = Release|Any CPU
		{8398380F-DA72-486E-8CA9-6293E6986CDA}.Release|x64.Build.0 = Release|Any CPU
		{8398380F-DA72-486E-8CA9-6293E6986CDA}.Release|x86.ActiveCfg = Release|Any CPU
		{8398380F-DA72-486E-8CA9-6293E6986CDA}.Release|x86.Build.0 = Release|Any CPU
		{D818BC73-BAFF-496E-A330-BC8F2F90697A}.Debug|Any CPU.ActiveCfg = Debug|Any CPU
		{D818BC73-BAFF-496E-A330-BC8F2F90697A}.Debug|Any CPU.Build.0 = Debug|Any CPU
		{D818BC73-BAFF-496E-A330-BC8F2F90697A}.Debug|x64.ActiveCfg = Debug|Any CPU
		{D818BC73-BAFF-496E-A330-BC8F2F90697A}.Debug|x64.Build.0 = Debug|Any CPU
		{D818BC73-BAFF-496E-A330-BC8F2F90697A}.Debug|x86.ActiveCfg = Debug|Any CPU
		{D818BC73-BAFF-496E-A330-BC8F2F90697A}.Debug|x86.Build.0 = Debug|Any CPU
		{D818BC73-BAFF-496E-A330-BC8F2F90697A}.Release|Any CPU.ActiveCfg = Release|Any CPU
		{D818BC73-BAFF-496E-A330-BC8F2F90697A}.Release|Any CPU.Build.0 = Release|Any CPU
		{D818BC73-BAFF-496E-A330-BC8F2F90697A}.Release|x64.ActiveCfg = Release|Any CPU
		{D818BC73-BAFF-496E-A330-BC8F2F90697A}.Release|x64.Build.0 = Release|Any CPU
		{D818BC73-BAFF-496E-A330-BC8F2F90697A}.Release|x86.ActiveCfg = Release|Any CPU
		{D818BC73-BAFF-496E-A330-BC8F2F90697A}.Release|x86.Build.0 = Release|Any CPU
		{76AE550C-A10E-4560-9259-7908367111CE}.Debug|Any CPU.ActiveCfg = Debug|Any CPU
		{76AE550C-A10E-4560-9259-7908367111CE}.Debug|Any CPU.Build.0 = Debug|Any CPU
		{76AE550C-A10E-4560-9259-7908367111CE}.Debug|x64.ActiveCfg = Debug|Any CPU
		{76AE550C-A10E-4560-9259-7908367111CE}.Debug|x64.Build.0 = Debug|Any CPU
		{76AE550C-A10E-4560-9259-7908367111CE}.Debug|x86.ActiveCfg = Debug|Any CPU
		{76AE550C-A10E-4560-9259-7908367111CE}.Debug|x86.Build.0 = Debug|Any CPU
		{76AE550C-A10E-4560-9259-7908367111CE}.Release|Any CPU.ActiveCfg = Release|Any CPU
		{76AE550C-A10E-4560-9259-7908367111CE}.Release|Any CPU.Build.0 = Release|Any CPU
		{76AE550C-A10E-4560-9259-7908367111CE}.Release|x64.ActiveCfg = Release|Any CPU
		{76AE550C-A10E-4560-9259-7908367111CE}.Release|x64.Build.0 = Release|Any CPU
		{76AE550C-A10E-4560-9259-7908367111CE}.Release|x86.ActiveCfg = Release|Any CPU
		{76AE550C-A10E-4560-9259-7908367111CE}.Release|x86.Build.0 = Release|Any CPU
		{F01BB832-7170-4159-8782-154F3CDEACE5}.Debug|Any CPU.ActiveCfg = Debug|Any CPU
		{F01BB832-7170-4159-8782-154F3CDEACE5}.Debug|Any CPU.Build.0 = Debug|Any CPU
		{F01BB832-7170-4159-8782-154F3CDEACE5}.Debug|x64.ActiveCfg = Debug|Any CPU
		{F01BB832-7170-4159-8782-154F3CDEACE5}.Debug|x64.Build.0 = Debug|Any CPU
		{F01BB832-7170-4159-8782-154F3CDEACE5}.Debug|x86.ActiveCfg = Debug|Any CPU
		{F01BB832-7170-4159-8782-154F3CDEACE5}.Debug|x86.Build.0 = Debug|Any CPU
		{F01BB832-7170-4159-8782-154F3CDEACE5}.Release|Any CPU.ActiveCfg = Release|Any CPU
		{F01BB832-7170-4159-8782-154F3CDEACE5}.Release|Any CPU.Build.0 = Release|Any CPU
		{F01BB832-7170-4159-8782-154F3CDEACE5}.Release|x64.ActiveCfg = Release|Any CPU
		{F01BB832-7170-4159-8782-154F3CDEACE5}.Release|x64.Build.0 = Release|Any CPU
		{F01BB832-7170-4159-8782-154F3CDEACE5}.Release|x86.ActiveCfg = Release|Any CPU
		{F01BB832-7170-4159-8782-154F3CDEACE5}.Release|x86.Build.0 = Release|Any CPU
		{824B8986-D9C2-4A97-BC0E-CBD9567B82A3}.Debug|Any CPU.ActiveCfg = Debug|Any CPU
		{824B8986-D9C2-4A97-BC0E-CBD9567B82A3}.Debug|Any CPU.Build.0 = Debug|Any CPU
		{824B8986-D9C2-4A97-BC0E-CBD9567B82A3}.Debug|x64.ActiveCfg = Debug|Any CPU
		{824B8986-D9C2-4A97-BC0E-CBD9567B82A3}.Debug|x64.Build.0 = Debug|Any CPU
		{824B8986-D9C2-4A97-BC0E-CBD9567B82A3}.Debug|x86.ActiveCfg = Debug|Any CPU
		{824B8986-D9C2-4A97-BC0E-CBD9567B82A3}.Debug|x86.Build.0 = Debug|Any CPU
		{824B8986-D9C2-4A97-BC0E-CBD9567B82A3}.Release|Any CPU.ActiveCfg = Release|Any CPU
		{824B8986-D9C2-4A97-BC0E-CBD9567B82A3}.Release|Any CPU.Build.0 = Release|Any CPU
		{824B8986-D9C2-4A97-BC0E-CBD9567B82A3}.Release|x64.ActiveCfg = Release|Any CPU
		{824B8986-D9C2-4A97-BC0E-CBD9567B82A3}.Release|x64.Build.0 = Release|Any CPU
		{824B8986-D9C2-4A97-BC0E-CBD9567B82A3}.Release|x86.ActiveCfg = Release|Any CPU
		{824B8986-D9C2-4A97-BC0E-CBD9567B82A3}.Release|x86.Build.0 = Release|Any CPU
		{FD9F8B70-313F-4E71-ACF1-7F0344FCF803}.Debug|Any CPU.ActiveCfg = Debug|Any CPU
		{FD9F8B70-313F-4E71-ACF1-7F0344FCF803}.Debug|Any CPU.Build.0 = Debug|Any CPU
		{FD9F8B70-313F-4E71-ACF1-7F0344FCF803}.Debug|x64.ActiveCfg = Debug|Any CPU
		{FD9F8B70-313F-4E71-ACF1-7F0344FCF803}.Debug|x64.Build.0 = Debug|Any CPU
		{FD9F8B70-313F-4E71-ACF1-7F0344FCF803}.Debug|x86.ActiveCfg = Debug|Any CPU
		{FD9F8B70-313F-4E71-ACF1-7F0344FCF803}.Debug|x86.Build.0 = Debug|Any CPU
		{FD9F8B70-313F-4E71-ACF1-7F0344FCF803}.Release|Any CPU.ActiveCfg = Release|Any CPU
		{FD9F8B70-313F-4E71-ACF1-7F0344FCF803}.Release|Any CPU.Build.0 = Release|Any CPU
		{FD9F8B70-313F-4E71-ACF1-7F0344FCF803}.Release|x64.ActiveCfg = Release|Any CPU
		{FD9F8B70-313F-4E71-ACF1-7F0344FCF803}.Release|x64.Build.0 = Release|Any CPU
		{FD9F8B70-313F-4E71-ACF1-7F0344FCF803}.Release|x86.ActiveCfg = Release|Any CPU
		{FD9F8B70-313F-4E71-ACF1-7F0344FCF803}.Release|x86.Build.0 = Release|Any CPU
		{BA82B085-3F3C-4B31-8A2E-71D7C622AF48}.Debug|Any CPU.ActiveCfg = Debug|Any CPU
		{BA82B085-3F3C-4B31-8A2E-71D7C622AF48}.Debug|Any CPU.Build.0 = Debug|Any CPU
		{BA82B085-3F3C-4B31-8A2E-71D7C622AF48}.Debug|x64.ActiveCfg = Debug|Any CPU
		{BA82B085-3F3C-4B31-8A2E-71D7C622AF48}.Debug|x64.Build.0 = Debug|Any CPU
		{BA82B085-3F3C-4B31-8A2E-71D7C622AF48}.Debug|x86.ActiveCfg = Debug|Any CPU
		{BA82B085-3F3C-4B31-8A2E-71D7C622AF48}.Debug|x86.Build.0 = Debug|Any CPU
		{BA82B085-3F3C-4B31-8A2E-71D7C622AF48}.Release|Any CPU.ActiveCfg = Release|Any CPU
		{BA82B085-3F3C-4B31-8A2E-71D7C622AF48}.Release|Any CPU.Build.0 = Release|Any CPU
		{BA82B085-3F3C-4B31-8A2E-71D7C622AF48}.Release|x64.ActiveCfg = Release|Any CPU
		{BA82B085-3F3C-4B31-8A2E-71D7C622AF48}.Release|x64.Build.0 = Release|Any CPU
		{BA82B085-3F3C-4B31-8A2E-71D7C622AF48}.Release|x86.ActiveCfg = Release|Any CPU
		{BA82B085-3F3C-4B31-8A2E-71D7C622AF48}.Release|x86.Build.0 = Release|Any CPU
		{C9A08B48-25B3-4DCD-A041-23993512B849}.Debug|Any CPU.ActiveCfg = Debug|Any CPU
		{C9A08B48-25B3-4DCD-A041-23993512B849}.Debug|Any CPU.Build.0 = Debug|Any CPU
		{C9A08B48-25B3-4DCD-A041-23993512B849}.Debug|x64.ActiveCfg = Debug|Any CPU
		{C9A08B48-25B3-4DCD-A041-23993512B849}.Debug|x64.Build.0 = Debug|Any CPU
		{C9A08B48-25B3-4DCD-A041-23993512B849}.Debug|x86.ActiveCfg = Debug|Any CPU
		{C9A08B48-25B3-4DCD-A041-23993512B849}.Debug|x86.Build.0 = Debug|Any CPU
		{C9A08B48-25B3-4DCD-A041-23993512B849}.Release|Any CPU.ActiveCfg = Release|Any CPU
		{C9A08B48-25B3-4DCD-A041-23993512B849}.Release|Any CPU.Build.0 = Release|Any CPU
		{C9A08B48-25B3-4DCD-A041-23993512B849}.Release|x64.ActiveCfg = Release|Any CPU
		{C9A08B48-25B3-4DCD-A041-23993512B849}.Release|x64.Build.0 = Release|Any CPU
		{C9A08B48-25B3-4DCD-A041-23993512B849}.Release|x86.ActiveCfg = Release|Any CPU
		{C9A08B48-25B3-4DCD-A041-23993512B849}.Release|x86.Build.0 = Release|Any CPU
		{95EF9C95-54AB-417D-AE64-D25AD9A6A3E0}.Debug|Any CPU.ActiveCfg = Debug|Any CPU
		{95EF9C95-54AB-417D-AE64-D25AD9A6A3E0}.Debug|Any CPU.Build.0 = Debug|Any CPU
		{95EF9C95-54AB-417D-AE64-D25AD9A6A3E0}.Debug|x64.ActiveCfg = Debug|Any CPU
		{95EF9C95-54AB-417D-AE64-D25AD9A6A3E0}.Debug|x64.Build.0 = Debug|Any CPU
		{95EF9C95-54AB-417D-AE64-D25AD9A6A3E0}.Debug|x86.ActiveCfg = Debug|Any CPU
		{95EF9C95-54AB-417D-AE64-D25AD9A6A3E0}.Debug|x86.Build.0 = Debug|Any CPU
		{95EF9C95-54AB-417D-AE64-D25AD9A6A3E0}.Release|Any CPU.ActiveCfg = Release|Any CPU
		{95EF9C95-54AB-417D-AE64-D25AD9A6A3E0}.Release|Any CPU.Build.0 = Release|Any CPU
		{95EF9C95-54AB-417D-AE64-D25AD9A6A3E0}.Release|x64.ActiveCfg = Release|Any CPU
		{95EF9C95-54AB-417D-AE64-D25AD9A6A3E0}.Release|x64.Build.0 = Release|Any CPU
		{95EF9C95-54AB-417D-AE64-D25AD9A6A3E0}.Release|x86.ActiveCfg = Release|Any CPU
		{95EF9C95-54AB-417D-AE64-D25AD9A6A3E0}.Release|x86.Build.0 = Release|Any CPU
		{325E6556-1C33-4D46-BD9C-B96BD0FB1443}.Debug|Any CPU.ActiveCfg = Debug|Any CPU
		{325E6556-1C33-4D46-BD9C-B96BD0FB1443}.Debug|Any CPU.Build.0 = Debug|Any CPU
		{325E6556-1C33-4D46-BD9C-B96BD0FB1443}.Debug|x64.ActiveCfg = Debug|Any CPU
		{325E6556-1C33-4D46-BD9C-B96BD0FB1443}.Debug|x64.Build.0 = Debug|Any CPU
		{325E6556-1C33-4D46-BD9C-B96BD0FB1443}.Debug|x86.ActiveCfg = Debug|Any CPU
		{325E6556-1C33-4D46-BD9C-B96BD0FB1443}.Debug|x86.Build.0 = Debug|Any CPU
		{325E6556-1C33-4D46-BD9C-B96BD0FB1443}.Release|Any CPU.ActiveCfg = Release|Any CPU
		{325E6556-1C33-4D46-BD9C-B96BD0FB1443}.Release|Any CPU.Build.0 = Release|Any CPU
		{325E6556-1C33-4D46-BD9C-B96BD0FB1443}.Release|x64.ActiveCfg = Release|Any CPU
		{325E6556-1C33-4D46-BD9C-B96BD0FB1443}.Release|x64.Build.0 = Release|Any CPU
		{325E6556-1C33-4D46-BD9C-B96BD0FB1443}.Release|x86.ActiveCfg = Release|Any CPU
		{325E6556-1C33-4D46-BD9C-B96BD0FB1443}.Release|x86.Build.0 = Release|Any CPU
		{63B380C4-2226-41AA-B833-368070FAA19D}.Debug|Any CPU.ActiveCfg = Debug|Any CPU
		{63B380C4-2226-41AA-B833-368070FAA19D}.Debug|Any CPU.Build.0 = Debug|Any CPU
		{63B380C4-2226-41AA-B833-368070FAA19D}.Debug|x64.ActiveCfg = Debug|Any CPU
		{63B380C4-2226-41AA-B833-368070FAA19D}.Debug|x64.Build.0 = Debug|Any CPU
		{63B380C4-2226-41AA-B833-368070FAA19D}.Debug|x86.ActiveCfg = Debug|Any CPU
		{63B380C4-2226-41AA-B833-368070FAA19D}.Debug|x86.Build.0 = Debug|Any CPU
		{63B380C4-2226-41AA-B833-368070FAA19D}.Release|Any CPU.ActiveCfg = Release|Any CPU
		{63B380C4-2226-41AA-B833-368070FAA19D}.Release|Any CPU.Build.0 = Release|Any CPU
		{63B380C4-2226-41AA-B833-368070FAA19D}.Release|x64.ActiveCfg = Release|Any CPU
		{63B380C4-2226-41AA-B833-368070FAA19D}.Release|x64.Build.0 = Release|Any CPU
		{63B380C4-2226-41AA-B833-368070FAA19D}.Release|x86.ActiveCfg = Release|Any CPU
		{63B380C4-2226-41AA-B833-368070FAA19D}.Release|x86.Build.0 = Release|Any CPU
		{150CE0CA-7E29-4276-9457-D96FB4F754D3}.Debug|Any CPU.ActiveCfg = Debug|Any CPU
		{150CE0CA-7E29-4276-9457-D96FB4F754D3}.Debug|Any CPU.Build.0 = Debug|Any CPU
		{150CE0CA-7E29-4276-9457-D96FB4F754D3}.Debug|x64.ActiveCfg = Debug|Any CPU
		{150CE0CA-7E29-4276-9457-D96FB4F754D3}.Debug|x64.Build.0 = Debug|Any CPU
		{150CE0CA-7E29-4276-9457-D96FB4F754D3}.Debug|x86.ActiveCfg = Debug|Any CPU
		{150CE0CA-7E29-4276-9457-D96FB4F754D3}.Debug|x86.Build.0 = Debug|Any CPU
		{150CE0CA-7E29-4276-9457-D96FB4F754D3}.Release|Any CPU.ActiveCfg = Release|Any CPU
		{150CE0CA-7E29-4276-9457-D96FB4F754D3}.Release|Any CPU.Build.0 = Release|Any CPU
		{150CE0CA-7E29-4276-9457-D96FB4F754D3}.Release|x64.ActiveCfg = Release|Any CPU
		{150CE0CA-7E29-4276-9457-D96FB4F754D3}.Release|x64.Build.0 = Release|Any CPU
		{150CE0CA-7E29-4276-9457-D96FB4F754D3}.Release|x86.ActiveCfg = Release|Any CPU
		{150CE0CA-7E29-4276-9457-D96FB4F754D3}.Release|x86.Build.0 = Release|Any CPU
		{817C03C2-1DB3-46E3-99A8-CFB1179B76C4}.Debug|Any CPU.ActiveCfg = Debug|Any CPU
		{817C03C2-1DB3-46E3-99A8-CFB1179B76C4}.Debug|Any CPU.Build.0 = Debug|Any CPU
		{817C03C2-1DB3-46E3-99A8-CFB1179B76C4}.Debug|x64.ActiveCfg = Debug|Any CPU
		{817C03C2-1DB3-46E3-99A8-CFB1179B76C4}.Debug|x64.Build.0 = Debug|Any CPU
		{817C03C2-1DB3-46E3-99A8-CFB1179B76C4}.Debug|x86.ActiveCfg = Debug|Any CPU
		{817C03C2-1DB3-46E3-99A8-CFB1179B76C4}.Debug|x86.Build.0 = Debug|Any CPU
		{817C03C2-1DB3-46E3-99A8-CFB1179B76C4}.Release|Any CPU.ActiveCfg = Release|Any CPU
		{817C03C2-1DB3-46E3-99A8-CFB1179B76C4}.Release|Any CPU.Build.0 = Release|Any CPU
		{817C03C2-1DB3-46E3-99A8-CFB1179B76C4}.Release|x64.ActiveCfg = Release|Any CPU
		{817C03C2-1DB3-46E3-99A8-CFB1179B76C4}.Release|x64.Build.0 = Release|Any CPU
		{817C03C2-1DB3-46E3-99A8-CFB1179B76C4}.Release|x86.ActiveCfg = Release|Any CPU
		{817C03C2-1DB3-46E3-99A8-CFB1179B76C4}.Release|x86.Build.0 = Release|Any CPU
		{6FF5B497-F4A5-440F-8662-D9DE29B79410}.Debug|Any CPU.ActiveCfg = Debug|Any CPU
		{6FF5B497-F4A5-440F-8662-D9DE29B79410}.Debug|Any CPU.Build.0 = Debug|Any CPU
		{6FF5B497-F4A5-440F-8662-D9DE29B79410}.Debug|x64.ActiveCfg = Debug|Any CPU
		{6FF5B497-F4A5-440F-8662-D9DE29B79410}.Debug|x64.Build.0 = Debug|Any CPU
		{6FF5B497-F4A5-440F-8662-D9DE29B79410}.Debug|x86.ActiveCfg = Debug|Any CPU
		{6FF5B497-F4A5-440F-8662-D9DE29B79410}.Debug|x86.Build.0 = Debug|Any CPU
		{6FF5B497-F4A5-440F-8662-D9DE29B79410}.Release|Any CPU.ActiveCfg = Release|Any CPU
		{6FF5B497-F4A5-440F-8662-D9DE29B79410}.Release|Any CPU.Build.0 = Release|Any CPU
		{6FF5B497-F4A5-440F-8662-D9DE29B79410}.Release|x64.ActiveCfg = Release|Any CPU
		{6FF5B497-F4A5-440F-8662-D9DE29B79410}.Release|x64.Build.0 = Release|Any CPU
		{6FF5B497-F4A5-440F-8662-D9DE29B79410}.Release|x86.ActiveCfg = Release|Any CPU
		{6FF5B497-F4A5-440F-8662-D9DE29B79410}.Release|x86.Build.0 = Release|Any CPU
		{840B1228-A13B-4DE2-8C8B-BA25AE509C7F}.Debug|Any CPU.ActiveCfg = Debug|Any CPU
		{840B1228-A13B-4DE2-8C8B-BA25AE509C7F}.Debug|Any CPU.Build.0 = Debug|Any CPU
		{840B1228-A13B-4DE2-8C8B-BA25AE509C7F}.Debug|x64.ActiveCfg = Debug|Any CPU
		{840B1228-A13B-4DE2-8C8B-BA25AE509C7F}.Debug|x64.Build.0 = Debug|Any CPU
		{840B1228-A13B-4DE2-8C8B-BA25AE509C7F}.Debug|x86.ActiveCfg = Debug|Any CPU
		{840B1228-A13B-4DE2-8C8B-BA25AE509C7F}.Debug|x86.Build.0 = Debug|Any CPU
		{840B1228-A13B-4DE2-8C8B-BA25AE509C7F}.Release|Any CPU.ActiveCfg = Release|Any CPU
		{840B1228-A13B-4DE2-8C8B-BA25AE509C7F}.Release|Any CPU.Build.0 = Release|Any CPU
		{840B1228-A13B-4DE2-8C8B-BA25AE509C7F}.Release|x64.ActiveCfg = Release|Any CPU
		{840B1228-A13B-4DE2-8C8B-BA25AE509C7F}.Release|x64.Build.0 = Release|Any CPU
		{840B1228-A13B-4DE2-8C8B-BA25AE509C7F}.Release|x86.ActiveCfg = Release|Any CPU
		{840B1228-A13B-4DE2-8C8B-BA25AE509C7F}.Release|x86.Build.0 = Release|Any CPU
		{6FBC92BA-D826-442D-A6A2-5921BDE58A7D}.Debug|Any CPU.ActiveCfg = Debug|Any CPU
		{6FBC92BA-D826-442D-A6A2-5921BDE58A7D}.Debug|Any CPU.Build.0 = Debug|Any CPU
		{6FBC92BA-D826-442D-A6A2-5921BDE58A7D}.Debug|x64.ActiveCfg = Debug|Any CPU
		{6FBC92BA-D826-442D-A6A2-5921BDE58A7D}.Debug|x64.Build.0 = Debug|Any CPU
		{6FBC92BA-D826-442D-A6A2-5921BDE58A7D}.Debug|x86.ActiveCfg = Debug|Any CPU
		{6FBC92BA-D826-442D-A6A2-5921BDE58A7D}.Debug|x86.Build.0 = Debug|Any CPU
		{6FBC92BA-D826-442D-A6A2-5921BDE58A7D}.Release|Any CPU.ActiveCfg = Release|Any CPU
		{6FBC92BA-D826-442D-A6A2-5921BDE58A7D}.Release|Any CPU.Build.0 = Release|Any CPU
		{6FBC92BA-D826-442D-A6A2-5921BDE58A7D}.Release|x64.ActiveCfg = Release|Any CPU
		{6FBC92BA-D826-442D-A6A2-5921BDE58A7D}.Release|x64.Build.0 = Release|Any CPU
		{6FBC92BA-D826-442D-A6A2-5921BDE58A7D}.Release|x86.ActiveCfg = Release|Any CPU
		{6FBC92BA-D826-442D-A6A2-5921BDE58A7D}.Release|x86.Build.0 = Release|Any CPU
		{09AB5389-C0E3-466C-AE75-9C9A3C537CC6}.Debug|Any CPU.ActiveCfg = Debug|Any CPU
		{09AB5389-C0E3-466C-AE75-9C9A3C537CC6}.Debug|Any CPU.Build.0 = Debug|Any CPU
		{09AB5389-C0E3-466C-AE75-9C9A3C537CC6}.Debug|x64.ActiveCfg = Debug|Any CPU
		{09AB5389-C0E3-466C-AE75-9C9A3C537CC6}.Debug|x64.Build.0 = Debug|Any CPU
		{09AB5389-C0E3-466C-AE75-9C9A3C537CC6}.Debug|x86.ActiveCfg = Debug|Any CPU
		{09AB5389-C0E3-466C-AE75-9C9A3C537CC6}.Debug|x86.Build.0 = Debug|Any CPU
		{09AB5389-C0E3-466C-AE75-9C9A3C537CC6}.Release|Any CPU.ActiveCfg = Release|Any CPU
		{09AB5389-C0E3-466C-AE75-9C9A3C537CC6}.Release|Any CPU.Build.0 = Release|Any CPU
		{09AB5389-C0E3-466C-AE75-9C9A3C537CC6}.Release|x64.ActiveCfg = Release|Any CPU
		{09AB5389-C0E3-466C-AE75-9C9A3C537CC6}.Release|x64.Build.0 = Release|Any CPU
		{09AB5389-C0E3-466C-AE75-9C9A3C537CC6}.Release|x86.ActiveCfg = Release|Any CPU
		{09AB5389-C0E3-466C-AE75-9C9A3C537CC6}.Release|x86.Build.0 = Release|Any CPU
		{58878AD1-483F-48D7-B9A2-998CA703858A}.Debug|Any CPU.ActiveCfg = Debug|Any CPU
		{58878AD1-483F-48D7-B9A2-998CA703858A}.Debug|Any CPU.Build.0 = Debug|Any CPU
		{58878AD1-483F-48D7-B9A2-998CA703858A}.Debug|x64.ActiveCfg = Debug|Any CPU
		{58878AD1-483F-48D7-B9A2-998CA703858A}.Debug|x64.Build.0 = Debug|Any CPU
		{58878AD1-483F-48D7-B9A2-998CA703858A}.Debug|x86.ActiveCfg = Debug|Any CPU
		{58878AD1-483F-48D7-B9A2-998CA703858A}.Debug|x86.Build.0 = Debug|Any CPU
		{58878AD1-483F-48D7-B9A2-998CA703858A}.Release|Any CPU.ActiveCfg = Release|Any CPU
		{58878AD1-483F-48D7-B9A2-998CA703858A}.Release|Any CPU.Build.0 = Release|Any CPU
		{58878AD1-483F-48D7-B9A2-998CA703858A}.Release|x64.ActiveCfg = Release|Any CPU
		{58878AD1-483F-48D7-B9A2-998CA703858A}.Release|x64.Build.0 = Release|Any CPU
		{58878AD1-483F-48D7-B9A2-998CA703858A}.Release|x86.ActiveCfg = Release|Any CPU
		{58878AD1-483F-48D7-B9A2-998CA703858A}.Release|x86.Build.0 = Release|Any CPU
		{96FC4052-5EE4-4194-B6A3-038A1127DF51}.Debug|Any CPU.ActiveCfg = Debug|Any CPU
		{96FC4052-5EE4-4194-B6A3-038A1127DF51}.Debug|Any CPU.Build.0 = Debug|Any CPU
		{96FC4052-5EE4-4194-B6A3-038A1127DF51}.Debug|x64.ActiveCfg = Debug|Any CPU
		{96FC4052-5EE4-4194-B6A3-038A1127DF51}.Debug|x64.Build.0 = Debug|Any CPU
		{96FC4052-5EE4-4194-B6A3-038A1127DF51}.Debug|x86.ActiveCfg = Debug|Any CPU
		{96FC4052-5EE4-4194-B6A3-038A1127DF51}.Debug|x86.Build.0 = Debug|Any CPU
		{96FC4052-5EE4-4194-B6A3-038A1127DF51}.Release|Any CPU.ActiveCfg = Release|Any CPU
		{96FC4052-5EE4-4194-B6A3-038A1127DF51}.Release|Any CPU.Build.0 = Release|Any CPU
		{96FC4052-5EE4-4194-B6A3-038A1127DF51}.Release|x64.ActiveCfg = Release|Any CPU
		{96FC4052-5EE4-4194-B6A3-038A1127DF51}.Release|x64.Build.0 = Release|Any CPU
		{96FC4052-5EE4-4194-B6A3-038A1127DF51}.Release|x86.ActiveCfg = Release|Any CPU
		{96FC4052-5EE4-4194-B6A3-038A1127DF51}.Release|x86.Build.0 = Release|Any CPU
		{8082B8DE-23D6-4B21-8050-9C5C2E80227B}.Debug|Any CPU.ActiveCfg = Debug|Any CPU
		{8082B8DE-23D6-4B21-8050-9C5C2E80227B}.Debug|Any CPU.Build.0 = Debug|Any CPU
		{8082B8DE-23D6-4B21-8050-9C5C2E80227B}.Debug|x64.ActiveCfg = Debug|Any CPU
		{8082B8DE-23D6-4B21-8050-9C5C2E80227B}.Debug|x64.Build.0 = Debug|Any CPU
		{8082B8DE-23D6-4B21-8050-9C5C2E80227B}.Debug|x86.ActiveCfg = Debug|Any CPU
		{8082B8DE-23D6-4B21-8050-9C5C2E80227B}.Debug|x86.Build.0 = Debug|Any CPU
		{8082B8DE-23D6-4B21-8050-9C5C2E80227B}.Release|Any CPU.ActiveCfg = Release|Any CPU
		{8082B8DE-23D6-4B21-8050-9C5C2E80227B}.Release|Any CPU.Build.0 = Release|Any CPU
		{8082B8DE-23D6-4B21-8050-9C5C2E80227B}.Release|x64.ActiveCfg = Release|Any CPU
		{8082B8DE-23D6-4B21-8050-9C5C2E80227B}.Release|x64.Build.0 = Release|Any CPU
		{8082B8DE-23D6-4B21-8050-9C5C2E80227B}.Release|x86.ActiveCfg = Release|Any CPU
		{8082B8DE-23D6-4B21-8050-9C5C2E80227B}.Release|x86.Build.0 = Release|Any CPU
		{2686B950-F61B-410D-94EF-AB1FD02F982C}.Debug|Any CPU.ActiveCfg = Debug|Any CPU
		{2686B950-F61B-410D-94EF-AB1FD02F982C}.Debug|Any CPU.Build.0 = Debug|Any CPU
		{2686B950-F61B-410D-94EF-AB1FD02F982C}.Debug|x64.ActiveCfg = Debug|Any CPU
		{2686B950-F61B-410D-94EF-AB1FD02F982C}.Debug|x64.Build.0 = Debug|Any CPU
		{2686B950-F61B-410D-94EF-AB1FD02F982C}.Debug|x86.ActiveCfg = Debug|Any CPU
		{2686B950-F61B-410D-94EF-AB1FD02F982C}.Debug|x86.Build.0 = Debug|Any CPU
		{2686B950-F61B-410D-94EF-AB1FD02F982C}.Release|Any CPU.ActiveCfg = Release|Any CPU
		{2686B950-F61B-410D-94EF-AB1FD02F982C}.Release|Any CPU.Build.0 = Release|Any CPU
		{2686B950-F61B-410D-94EF-AB1FD02F982C}.Release|x64.ActiveCfg = Release|Any CPU
		{2686B950-F61B-410D-94EF-AB1FD02F982C}.Release|x64.Build.0 = Release|Any CPU
		{2686B950-F61B-410D-94EF-AB1FD02F982C}.Release|x86.ActiveCfg = Release|Any CPU
		{2686B950-F61B-410D-94EF-AB1FD02F982C}.Release|x86.Build.0 = Release|Any CPU
	EndGlobalSection
	GlobalSection(SolutionProperties) = preSolution
		HideSolutionNode = FALSE
	EndGlobalSection
	GlobalSection(NestedProjects) = preSolution
		{352E61F9-82DD-4FC5-8487-81D157556360} = {31CBEB51-93DC-9CA1-DA8D-67643319BEE1}
		{6FB91CAE-E041-48CC-95A7-0DA98AEBB3FC} = {E7BDDBC6-9FD1-D1D7-ACD8-2C4F8E3D2461}
		{BFF4F4B7-12C1-5B2E-7DAD-E792A8E8C1A7} = {5854FF58-B8C5-05C6-5BF2-ACE42193F22B}
		{1150C093-F330-45F3-8558-E2FF9E7A3912} = {BFF4F4B7-12C1-5B2E-7DAD-E792A8E8C1A7}
		{14CF0727-80C7-4E0A-B5EC-72CA618FF8B5} = {BFF4F4B7-12C1-5B2E-7DAD-E792A8E8C1A7}
		{11054AA4-FADF-4467-8ED7-43C8D94BBE4E} = {BFF4F4B7-12C1-5B2E-7DAD-E792A8E8C1A7}
		{8398380F-DA72-486E-8CA9-6293E6986CDA} = {BFF4F4B7-12C1-5B2E-7DAD-E792A8E8C1A7}
		{944ACC7E-4FFC-A2A2-09E1-98A62C66F8DB} = {5854FF58-B8C5-05C6-5BF2-ACE42193F22B}
		{D818BC73-BAFF-496E-A330-BC8F2F90697A} = {944ACC7E-4FFC-A2A2-09E1-98A62C66F8DB}
		{76AE550C-A10E-4560-9259-7908367111CE} = {944ACC7E-4FFC-A2A2-09E1-98A62C66F8DB}
		{F01BB832-7170-4159-8782-154F3CDEACE5} = {944ACC7E-4FFC-A2A2-09E1-98A62C66F8DB}
		{824B8986-D9C2-4A97-BC0E-CBD9567B82A3} = {944ACC7E-4FFC-A2A2-09E1-98A62C66F8DB}
		{357A7C97-5AE1-023F-1442-0D9F9AF22A31} = {5854FF58-B8C5-05C6-5BF2-ACE42193F22B}
		{FD9F8B70-313F-4E71-ACF1-7F0344FCF803} = {357A7C97-5AE1-023F-1442-0D9F9AF22A31}
		{BA82B085-3F3C-4B31-8A2E-71D7C622AF48} = {357A7C97-5AE1-023F-1442-0D9F9AF22A31}
		{C9A08B48-25B3-4DCD-A041-23993512B849} = {357A7C97-5AE1-023F-1442-0D9F9AF22A31}
		{95EF9C95-54AB-417D-AE64-D25AD9A6A3E0} = {357A7C97-5AE1-023F-1442-0D9F9AF22A31}
		{E968773F-A3F0-8B5A-CFB8-BE121AA8E63F} = {5854FF58-B8C5-05C6-5BF2-ACE42193F22B}
		{325E6556-1C33-4D46-BD9C-B96BD0FB1443} = {E968773F-A3F0-8B5A-CFB8-BE121AA8E63F}
		{63B380C4-2226-41AA-B833-368070FAA19D} = {E968773F-A3F0-8B5A-CFB8-BE121AA8E63F}
		{150CE0CA-7E29-4276-9457-D96FB4F754D3} = {E968773F-A3F0-8B5A-CFB8-BE121AA8E63F}
		{817C03C2-1DB3-46E3-99A8-CFB1179B76C4} = {E968773F-A3F0-8B5A-CFB8-BE121AA8E63F}
		{06470F13-D646-4954-ED4A-FA216054436A} = {5854FF58-B8C5-05C6-5BF2-ACE42193F22B}
		{6FF5B497-F4A5-440F-8662-D9DE29B79410} = {06470F13-D646-4954-ED4A-FA216054436A}
		{840B1228-A13B-4DE2-8C8B-BA25AE509C7F} = {06470F13-D646-4954-ED4A-FA216054436A}
		{6FBC92BA-D826-442D-A6A2-5921BDE58A7D} = {06470F13-D646-4954-ED4A-FA216054436A}
		{09AB5389-C0E3-466C-AE75-9C9A3C537CC6} = {06470F13-D646-4954-ED4A-FA216054436A}
		{A7F1EA75-F84F-EDAA-1156-120873BE27D5} = {5854FF58-B8C5-05C6-5BF2-ACE42193F22B}
		{58878AD1-483F-48D7-B9A2-998CA703858A} = {A7F1EA75-F84F-EDAA-1156-120873BE27D5}
		{96FC4052-5EE4-4194-B6A3-038A1127DF51} = {A7F1EA75-F84F-EDAA-1156-120873BE27D5}
		{8082B8DE-23D6-4B21-8050-9C5C2E80227B} = {A7F1EA75-F84F-EDAA-1156-120873BE27D5}
		{2686B950-F61B-410D-94EF-AB1FD02F982C} = {A7F1EA75-F84F-EDAA-1156-120873BE27D5}
	EndGlobalSection
EndGlobal
